
Microsoft Visual Studio Solution File, Format Version 12.00
# Visual Studio Version 16
VisualStudioVersion = 16.0.31205.134
MinimumVisualStudioVersion = 10.0.40219.1
Project("{FAE04EC0-301F-11D3-BF4B-00C04F79EFBC}") = "HomeWork4", "HomeWork4\HomeWork4.csproj", "{CE3D462C-26B8-4FDE-825C-870F9478A895}"
EndProject
Global
	GlobalSection(SolutionConfigurationPlatforms) = preSolution
		Debug|Any CPU = Debug|Any CPU
		Release|Any CPU = Release|Any CPU
	EndGlobalSection
	GlobalSection(ProjectConfigurationPlatforms) = postSolution
		{CE3D462C-26B8-4FDE-825C-870F9478A895}.Debug|Any CPU.ActiveCfg = Debug|Any CPU
		{CE3D462C-26B8-4FDE-825C-870F9478A895}.Debug|Any CPU.Build.0 = Debug|Any CPU
		{CE3D462C-26B8-4FDE-825C-870F9478A895}.Release|Any CPU.ActiveCfg = Release|Any CPU
		{CE3D462C-26B8-4FDE-825C-870F9478A895}.Release|Any CPU.Build.0 = Release|Any CPU
	EndGlobalSection
	GlobalSection(SolutionProperties) = preSolution
		HideSolutionNode = FALSE
	EndGlobalSection
	GlobalSection(ExtensibilityGlobals) = postSolution
		SolutionGuid = {C0BF2041-C5EE-43E9-95F1-9C9B4ACBA6AE}
	EndGlobalSection
EndGlobal
